{
  "name": "ngx-loading-control",
  "version": "0.0.1",
  "lockfileVersion": 1,
  "requires": true,
  "dependencies": {
    "leaflet-loading": {
      "version": "0.1.24",
      "resolved": "https://registry.npmjs.org/leaflet-loading/-/leaflet-loading-0.1.24.tgz",
      "integrity": "sha1-6v38GIcY6xPTz3uSJsTAaxbpKRk="
    }
  }
}
